
Microsoft Visual Studio Solution File, Format Version 12.00
# Visual Studio Version 16
VisualStudioVersion = 16.0.30413.136
MinimumVisualStudioVersion = 10.0.40219.1
Project("{2150E333-8FDC-42A3-9474-1A3956D46DE8}") = "src", "src", "{249FD762-2A4A-48DC-9AEF-194855E9460B}"
EndProject
Project("{8BC9CEB8-8B4A-11D0-8D11-00A0C91BC942}") = "XvddKeyslotUtil", "src\XvddKeyslotUtil\XvddKeyslotUtil.vcxproj", "{B318726A-7186-44A5-B095-8F2ED87CA9F6}"
EndProject
Global
	GlobalSection(SolutionConfigurationPlatforms) = preSolution
		Debug|x64 = Debug|x64
		Debug|x86 = Debug|x86
		Release|x64 = Release|x64
		Release|x86 = Release|x86
	EndGlobalSection
	GlobalSection(ProjectConfigurationPlatforms) = postSolution
		{B318726A-7186-44A5-B095-8F2ED87CA9F6}.Debug|x64.ActiveCfg = Debug|x64
		{B318726A-7186-44A5-B095-8F2ED87CA9F6}.Debug|x64.Build.0 = Debug|x64
		{B318726A-7186-44A5-B095-8F2ED87CA9F6}.Debug|x86.ActiveCfg = Debug|Win32
		{B318726A-7186-44A5-B095-8F2ED87CA9F6}.Debug|x86.Build.0 = Debug|Win32
		{B318726A-7186-44A5-B095-8F2ED87CA9F6}.Release|x64.ActiveCfg = Release|x64
		{B318726A-7186-44A5-B095-8F2ED87CA9F6}.Release|x64.Build.0 = Release|x64
		{B318726A-7186-44A5-B095-8F2ED87CA9F6}.Release|x86.ActiveCfg = Release|Win32
		{B318726A-7186-44A5-B095-8F2ED87CA9F6}.Release|x86.Build.0 = Release|Win32
	EndGlobalSection
	GlobalSection(SolutionProperties) = preSolution
		HideSolutionNode = FALSE
	EndGlobalSection
	GlobalSection(NestedProjects) = preSolution
		{B318726A-7186-44A5-B095-8F2ED87CA9F6} = {249FD762-2A4A-48DC-9AEF-194855E9460B}
	EndGlobalSection
	GlobalSection(ExtensibilityGlobals) = postSolution
		SolutionGuid = {16F1DBBC-5D73-474C-9E9A-23AEB9D03127}
	EndGlobalSection
EndGlobal
